github.com/ajeddeloh/go-json v0.0.0-20160803184958-73d058cf8437 h1:gZCtZ+Hh/e3CGEX8q/yAcp8wWu5ZS6NMk6VGzpQhI3s=
github.com/ajeddeloh/go-json v0.0.0-20160803184958-73d058cf8437/go.mod h1:otnto4/Icqn88WCcM4bhIJNSgsh9VLBuspyyCfvof9c=
github.com/coreos/coreos-cloudinit v1.14.0 h1:3bQRJaie3QC8EovAVbxiimLQgdxM6DxP1vJfUCEEl9w=
github.com/coreos/coreos-cloudinit v1.14.0/go.mod h1:hV3swhSwq+bRX5apuk57gG+3fsQacgbrZVxjPTqo0zo=
github.com/coreos/go-semver v0.1.0 h1:/7eIWhjNpsljQCSU+5NaZzu7HmMvoWnMqOmNZljz1f0=
github.com/coreos/go-semver v0.1.0/go.mod h1:nnelYz7RCh+5ahJtPPxZlU+153eP4D4r3EedlOD2RNk=
github.com/coreos/go-systemd v0.0.0-20180202092358-40e2722dffea h1:IHPWgevPcOUjTvj3n7Qgm+nie6xs/xV8dmO5MddNTpc=
github.com/coreos/go-systemd v0.0.0-20180202092358-40e2722dffea/go.mod h1:F5haX7vjVVG0kc13fIWeqUViNPyEJxv/OmvnBo0Yme4=
github.com/coreos/ignition v0.24.0 h1:RGCRIVtEcOIhrG+pxrrPriqeemAnUu6fSwKGKJoEJ6Q=
github.com/coreos/ignition v0.24.0/go.mod h1:WJQapxzEn9DE0ryxsGvm8QnBajm/XsS/PkrDqSpz+bA=
github.com/coreos/yaml v0.0.0-20141224210557-6b16a5714269 h1:/1sjrpK5Mb6IwyFOKd+u7321tXfNAsj0Ci8CivZmSlo=
github.com/coreos/yaml v0.0.0-20141224210557-6b16a5714269/go.mod h1:Bl1D/T9QJhVdu6eFoLrGxN90+admDLGaLz2HXH/VzDc=
github.com/crawford/nap v0.1.0 h1:gvYk5xrh7PLr+USYi20sjfo5uHgdj4wi+vLzOD91Lpg=
github.com/crawford/nap v0.1.0/go.mod h1:l/aCdq3sFSITRKq+5da+Nc7FPfhVCrXCxmvFFh6a7Xc=
github.com/gorilla/context v1.1.1 h1:AWwleXJkX/nhcU9bZSnZoi3h/qGYqQAGhq6zZe/aQW8=
github.com/gorilla/context v1.1.1/go.mod h1:kBGZzfjB9CEq2AlWe17Uuf7NDRt0dE0s8S51q0aT7Yg=
github.com/gorilla/mux v1.6.1 h1:KOwqsTYZdeuMacU7CxjMNYEKeBvLbxW+psodrbcEa3A=
github.com/gorilla/mux v1.6.1/go.mod h1:1lud6UwP+6orDFRuTfBEV8e9/aOM/c4fVVCaMa2zaAs=
github.com/vincent-petithory/dataurl v0.0.0-20160330182126-9a301d65acbb h1:lyL3z7vYwTWXf4/bI+A01+cCSnfhKIBhy+SQ46Z/ml8=
github.com/vincent-petithory/dataurl v0.0.0-20160330182126-9a301d65acbb/go.mod h1:FHafX5vmDzyP+1CQATJn7WFKc9CvnvxyvZy6I1MrG/U=
go4.org v0.0.0-20160314031811-03efcb870d84 h1:WZkGC1qzoax/QSt84wmvIxk+ZOmGIChsTzdrv9t4nvk=
go4.org v0.0.0-20160314031811-03efcb870d84/go.mod h1:MkTOUMDaeVYJUOUsaDXIhWPZYa1yOyC1qaOBpL57BhE=
